
Microsoft Visual Studio Solution File, Format Version 12.00
# Visual Studio Version 17
VisualStudioVersion = 17.13.35617.110
MinimumVisualStudioVersion = 10.0.40219.1
Project("{FAE04EC0-301F-11D3-BF4B-00C04F79EFBC}") = "QubitWith.Auth", "QubitWith.Auth\QubitWith.Auth.csproj", "{AAAE2688-6A67-48EB-866A-B4FEC5FB280D}"
EndProject
Global
	GlobalSection(SolutionConfigurationPlatforms) = preSolution
		Debug|Any CPU = Debug|Any CPU
		Release|Any CPU = Release|Any CPU
	EndGlobalSection
	GlobalSection(ProjectConfigurationPlatforms) = postSolution
		{AAAE2688-6A67-48EB-866A-B4FEC5FB280D}.Debug|Any CPU.ActiveCfg = Debug|Any CPU
		{AAAE2688-6A67-48EB-866A-B4FEC5FB280D}.Debug|Any CPU.Build.0 = Debug|Any CPU
		{AAAE2688-6A67-48EB-866A-B4FEC5FB280D}.Release|Any CPU.ActiveCfg = Release|Any CPU
		{AAAE2688-6A67-48EB-866A-B4FEC5FB280D}.Release|Any CPU.Build.0 = Release|Any CPU
	EndGlobalSection
	GlobalSection(SolutionProperties) = preSolution
		HideSolutionNode = FALSE
	EndGlobalSection
	GlobalSection(ExtensibilityGlobals) = postSolution
		SolutionGuid = {FC4EFCDA-043E-4757-ABC6-03046CE54B9A}
	EndGlobalSection
EndGlobal
